
Microsoft Visual Studio Solution File, Format Version 12.00
# Visual Studio Version 17
VisualStudioVersion = 17.11.35327.3
MinimumVisualStudioVersion = 10.0.40219.1
Project("{FAE04EC0-301F-11D3-BF4B-00C04F79EFBC}") = "Garrafa - 01-11-2024", "Garrafa - 01-11-2024\Garrafa - 01-11-2024.csproj", "{8B0C0275-F621-45E3-B118-D2940E7366B7}"
EndProject
Global
	GlobalSection(SolutionConfigurationPlatforms) = preSolution
		Debug|Any CPU = Debug|Any CPU
		Release|Any CPU = Release|Any CPU
	EndGlobalSection
	GlobalSection(ProjectConfigurationPlatforms) = postSolution
		{8B0C0275-F621-45E3-B118-D2940E7366B7}.Debug|Any CPU.ActiveCfg = Debug|Any CPU
		{8B0C0275-F621-45E3-B118-D2940E7366B7}.Debug|Any CPU.Build.0 = Debug|Any CPU
		{8B0C0275-F621-45E3-B118-D2940E7366B7}.Release|Any CPU.ActiveCfg = Release|Any CPU
		{8B0C0275-F621-45E3-B118-D2940E7366B7}.Release|Any CPU.Build.0 = Release|Any CPU
	EndGlobalSection
	GlobalSection(SolutionProperties) = preSolution
		HideSolutionNode = FALSE
	EndGlobalSection
	GlobalSection(ExtensibilityGlobals) = postSolution
		SolutionGuid = {2A10B3C6-84AA-4492-9E69-090CCCD714FE}
	EndGlobalSection
EndGlobal
